
Microsoft Visual Studio Solution File, Format Version 12.00
# Visual Studio Version 17
VisualStudioVersion = 17.1.32210.238
MinimumVisualStudioVersion = 10.0.40219.1
Project("{9A19103F-16F7-4668-BE54-9A1E7A4F7556}") = "Docusign", "Docusign\Docusign.csproj", "{105C32FD-81F1-45B4-AAB4-C4D334C9D617}"
EndProject
Project("{2150E333-8FDC-42A3-9474-1A3956D46DE8}") = "Model", "Model", "{0FF554B4-7BB9-485A-950C-BE727E38B89A}"
EndProject
Project("{9A19103F-16F7-4668-BE54-9A1E7A4F7556}") = "Model", "Model\Model\Model.csproj", "{B5A3B3A8-8296-4D36-B43D-655AD446DC10}"
EndProject
Project("{2150E333-8FDC-42A3-9474-1A3956D46DE8}") = "Repository", "Repository", "{67D93A5F-3D4E-4D34-83E5-3DECBC6742B1}"
EndProject
Project("{2150E333-8FDC-42A3-9474-1A3956D46DE8}") = "Utilidades", "Utilidades", "{346C287A-89F6-44A6-9ECE-04F68334C991}"
EndProject
Project("{9A19103F-16F7-4668-BE54-9A1E7A4F7556}") = "Utilidades", "Utilidades\Utilidades\Utilidades.csproj", "{72AA433B-8683-4115-8F92-2FE887C71556}"
EndProject
Project("{2150E333-8FDC-42A3-9474-1A3956D46DE8}") = "Services", "Services", "{C2DA2A8C-A3FE-4924-B8FB-F6578254236D}"
EndProject
Project("{9A19103F-16F7-4668-BE54-9A1E7A4F7556}") = "Repository", "Repository\DocuSignBL\Repository.csproj", "{8C24BED3-895E-4812-ADDA-4128D0870B15}"
EndProject
Project("{FAE04EC0-301F-11D3-BF4B-00C04F79EFBC}") = "Services", "Services\Services\Services.csproj", "{7F69F4D9-94F2-44B7-B87F-8BA358A64293}"
EndProject
Global
	GlobalSection(SolutionConfigurationPlatforms) = preSolution
		Debug|Any CPU = Debug|Any CPU
		Release|Any CPU = Release|Any CPU
	EndGlobalSection
	GlobalSection(ProjectConfigurationPlatforms) = postSolution
		{105C32FD-81F1-45B4-AAB4-C4D334C9D617}.Debug|Any CPU.ActiveCfg = Debug|Any CPU
		{105C32FD-81F1-45B4-AAB4-C4D334C9D617}.Debug|Any CPU.Build.0 = Debug|Any CPU
		{105C32FD-81F1-45B4-AAB4-C4D334C9D617}.Release|Any CPU.ActiveCfg = Release|Any CPU
		{105C32FD-81F1-45B4-AAB4-C4D334C9D617}.Release|Any CPU.Build.0 = Release|Any CPU
		{B5A3B3A8-8296-4D36-B43D-655AD446DC10}.Debug|Any CPU.ActiveCfg = Debug|Any CPU
		{B5A3B3A8-8296-4D36-B43D-655AD446DC10}.Debug|Any CPU.Build.0 = Debug|Any CPU
		{B5A3B3A8-8296-4D36-B43D-655AD446DC10}.Release|Any CPU.ActiveCfg = Release|Any CPU
		{B5A3B3A8-8296-4D36-B43D-655AD446DC10}.Release|Any CPU.Build.0 = Release|Any CPU
		{72AA433B-8683-4115-8F92-2FE887C71556}.Debug|Any CPU.ActiveCfg = Debug|Any CPU
		{72AA433B-8683-4115-8F92-2FE887C71556}.Debug|Any CPU.Build.0 = Debug|Any CPU
		{72AA433B-8683-4115-8F92-2FE887C71556}.Release|Any CPU.ActiveCfg = Release|Any CPU
		{72AA433B-8683-4115-8F92-2FE887C71556}.Release|Any CPU.Build.0 = Release|Any CPU
		{8C24BED3-895E-4812-ADDA-4128D0870B15}.Debug|Any CPU.ActiveCfg = Debug|Any CPU
		{8C24BED3-895E-4812-ADDA-4128D0870B15}.Debug|Any CPU.Build.0 = Debug|Any CPU
		{8C24BED3-895E-4812-ADDA-4128D0870B15}.Release|Any CPU.ActiveCfg = Release|Any CPU
		{8C24BED3-895E-4812-ADDA-4128D0870B15}.Release|Any CPU.Build.0 = Release|Any CPU
		{7F69F4D9-94F2-44B7-B87F-8BA358A64293}.Debug|Any CPU.ActiveCfg = Debug|Any CPU
		{7F69F4D9-94F2-44B7-B87F-8BA358A64293}.Debug|Any CPU.Build.0 = Debug|Any CPU
		{7F69F4D9-94F2-44B7-B87F-8BA358A64293}.Release|Any CPU.ActiveCfg = Release|Any CPU
		{7F69F4D9-94F2-44B7-B87F-8BA358A64293}.Release|Any CPU.Build.0 = Release|Any CPU
	EndGlobalSection
	GlobalSection(SolutionProperties) = preSolution
		HideSolutionNode = FALSE
	EndGlobalSection
	GlobalSection(NestedProjects) = preSolution
		{B5A3B3A8-8296-4D36-B43D-655AD446DC10} = {0FF554B4-7BB9-485A-950C-BE727E38B89A}
		{72AA433B-8683-4115-8F92-2FE887C71556} = {346C287A-89F6-44A6-9ECE-04F68334C991}
		{8C24BED3-895E-4812-ADDA-4128D0870B15} = {67D93A5F-3D4E-4D34-83E5-3DECBC6742B1}
		{7F69F4D9-94F2-44B7-B87F-8BA358A64293} = {C2DA2A8C-A3FE-4924-B8FB-F6578254236D}
	EndGlobalSection
	GlobalSection(ExtensibilityGlobals) = postSolution
		SolutionGuid = {B42C9A41-8425-48B6-9D44-238307F8002D}
	EndGlobalSection
EndGlobal
