
Microsoft Visual Studio Solution File, Format Version 12.00
# Visual Studio Version 17
VisualStudioVersion = 17.1.32210.238
MinimumVisualStudioVersion = 10.0.40219.1
Project("{9A19103F-16F7-4668-BE54-9A1E7A4F7556}") = "Docusign", "Docusign\Docusign.csproj", "{105C32FD-81F1-45B4-AAB4-C4D334C9D617}"
EndProject
Project("{2150E333-8FDC-42A3-9474-1A3956D46DE8}") = "Model", "Model", "{0FF554B4-7BB9-485A-950C-BE727E38B89A}"
EndProject
Project("{9A19103F-16F7-4668-BE54-9A1E7A4F7556}") = "Model", "Model\Model\Model.csproj", "{B5A3B3A8-8296-4D36-B43D-655AD446DC10}"
EndProject
Project("{2150E333-8FDC-42A3-9474-1A3956D46DE8}") = "Services", "Services", "{67D93A5F-3D4E-4D34-83E5-3DECBC6742B1}"
EndProject
Project("{FAE04EC0-301F-11D3-BF4B-00C04F79EFBC}") = "DocuSignBL", "Services\DocuSignBL\DocuSignBL.csproj", "{06E5BBD5-A3E6-4650-8110-193226D09A87}"
EndProject
Global
	GlobalSection(SolutionConfigurationPlatforms) = preSolution
		Debug|Any CPU = Debug|Any CPU
		Release|Any CPU = Release|Any CPU
	EndGlobalSection
	GlobalSection(ProjectConfigurationPlatforms) = postSolution
		{105C32FD-81F1-45B4-AAB4-C4D334C9D617}.Debug|Any CPU.ActiveCfg = Debug|Any CPU
		{105C32FD-81F1-45B4-AAB4-C4D334C9D617}.Debug|Any CPU.Build.0 = Debug|Any CPU
		{105C32FD-81F1-45B4-AAB4-C4D334C9D617}.Release|Any CPU.ActiveCfg = Release|Any CPU
		{105C32FD-81F1-45B4-AAB4-C4D334C9D617}.Release|Any CPU.Build.0 = Release|Any CPU
		{B5A3B3A8-8296-4D36-B43D-655AD446DC10}.Debug|Any CPU.ActiveCfg = Debug|Any CPU
		{B5A3B3A8-8296-4D36-B43D-655AD446DC10}.Debug|Any CPU.Build.0 = Debug|Any CPU
		{B5A3B3A8-8296-4D36-B43D-655AD446DC10}.Release|Any CPU.ActiveCfg = Release|Any CPU
		{B5A3B3A8-8296-4D36-B43D-655AD446DC10}.Release|Any CPU.Build.0 = Release|Any CPU
		{06E5BBD5-A3E6-4650-8110-193226D09A87}.Debug|Any CPU.ActiveCfg = Debug|Any CPU
		{06E5BBD5-A3E6-4650-8110-193226D09A87}.Debug|Any CPU.Build.0 = Debug|Any CPU
		{06E5BBD5-A3E6-4650-8110-193226D09A87}.Release|Any CPU.ActiveCfg = Release|Any CPU
		{06E5BBD5-A3E6-4650-8110-193226D09A87}.Release|Any CPU.Build.0 = Release|Any CPU
	EndGlobalSection
	GlobalSection(SolutionProperties) = preSolution
		HideSolutionNode = FALSE
	EndGlobalSection
	GlobalSection(NestedProjects) = preSolution
		{B5A3B3A8-8296-4D36-B43D-655AD446DC10} = {0FF554B4-7BB9-485A-950C-BE727E38B89A}
		{06E5BBD5-A3E6-4650-8110-193226D09A87} = {67D93A5F-3D4E-4D34-83E5-3DECBC6742B1}
	EndGlobalSection
	GlobalSection(ExtensibilityGlobals) = postSolution
		SolutionGuid = {B42C9A41-8425-48B6-9D44-238307F8002D}
	EndGlobalSection
EndGlobal
